// !$*UTF8*$!
{
	archiveVersion = 1;
	classes = {
	};
	objectVersion = 55;
	objects = {

/* Begin PBXBuildFile section */
		6F39363DC544A094AF536537 /* Pods_SideDockComponent.framework in Frameworks */ = {isa = PBXBuildFile; fileRef = 69B53DF333015465690781F1 /* Pods_SideDockComponent.framework */; };
		ABFD9FA0278F088100CFCAB1 /* AppDelegate.swift in Sources */ = {isa = PBXBuildFile; fileRef = ABFD9F9F278F088100CFCAB1 /* AppDelegate.swift */; };
		ABFD9FA2278F088100CFCAB1 /* SceneDelegate.swift in Sources */ = {isa = PBXBuildFile; fileRef = ABFD9FA1278F088100CFCAB1 /* SceneDelegate.swift */; };
		ABFD9FA4278F088100CFCAB1 /* ViewController.swift in Sources */ = {isa = PBXBuildFile; fileRef = ABFD9FA3278F088100CFCAB1 /* ViewController.swift */; };
		ABFD9FA7278F088100CFCAB1 /* Main.storyboard in Resources */ = {isa = PBXBuildFile; fileRef = ABFD9FA5278F088100CFCAB1 /* Main.storyboard */; };
		ABFD9FA9278F088300CFCAB1 /* Assets.xcassets in Resources */ = {isa = PBXBuildFile; fileRef = ABFD9FA8278F088300CFCAB1 /* Assets.xcassets */; };
		ABFD9FAC278F088300CFCAB1 /* LaunchScreen.storyboard in Resources */ = {isa = PBXBuildFile; fileRef = ABFD9FAA278F088300CFCAB1 /* LaunchScreen.storyboard */; };
/* End PBXBuildFile section */

/* Begin PBXFileReference section */
		69B53DF333015465690781F1 /* Pods_SideDockComponent.framework */ = {isa = PBXFileReference; explicitFileType = wrapper.framework; includeInIndex = 0; path = Pods_SideDockComponent.framework; sourceTree = BUILT_PRODUCTS_DIR; };
		854CC2C6CE4129B5128D1094 /* Pods-SideDockComponent.release.xcconfig */ = {isa = PBXFileReference; includeInIndex = 1; lastKnownFileType = text.xcconfig; name = "Pods-SideDockComponent.release.xcconfig"; path = "Target Support Files/Pods-SideDockComponent/Pods-SideDockComponent.release.xcconfig"; sourceTree = "<group>"; };
		ABC12339278F4CD000BB4512 /* SideDockComponent.entitlements */ = {isa = PBXFileReference; lastKnownFileType = text.plist.entitlements; path = SideDockComponent.entitlements; sourceTree = "<group>"; };
		ABFD9F9C278F088100CFCAB1 /* SideDockComponent.app */ = {isa = PBXFileReference; explicitFileType = wrapper.application; includeInIndex = 0; path = SideDockComponent.app; sourceTree = BUILT_PRODUCTS_DIR; };
		ABFD9F9F278F088100CFCAB1 /* AppDelegate.swift */ = {isa = PBXFileReference; lastKnownFileType = sourcecode.swift; path = AppDelegate.swift; sourceTree = "<group>"; };
		ABFD9FA1278F088100CFCAB1 /* SceneDelegate.swift */ = {isa = PBXFileReference; lastKnownFileType = sourcecode.swift; path = SceneDelegate.swift; sourceTree = "<group>"; };
		ABFD9FA3278F088100CFCAB1 /* ViewController.swift */ = {isa = PBXFileReference; lastKnownFileType = sourcecode.swift; path = ViewController.swift; sourceTree = "<group>"; };
		ABFD9FA6278F088100CFCAB1 /* Base */ = {isa = PBXFileReference; lastKnownFileType = file.storyboard; name = Base; path = Base.lproj/Main.storyboard; sourceTree = "<group>"; };
		ABFD9FA8278F088300CFCAB1 /* Assets.xcassets */ = {isa = PBXFileReference; lastKnownFileType = folder.assetcatalog; path = Assets.xcassets; sourceTree = "<group>"; };
		ABFD9FAB278F088300CFCAB1 /* Base */ = {isa = PBXFileReference; lastKnownFileType = file.storyboard; name = Base; path = Base.lproj/LaunchScreen.storyboard; sourceTree = "<group>"; };
		ABFD9FAD278F088300CFCAB1 /* Info.plist */ = {isa = PBXFileReference; lastKnownFileType = text.plist.xml; path = Info.plist; sourceTree = "<group>"; };
		D6AA140201D11C599C0BDA22 /* Pods-SideDockComponent.debug.xcconfig */ = {isa = PBXFileReference; includeInIndex = 1; lastKnownFileType = text.xcconfig; name = "Pods-SideDockComponent.debug.xcconfig"; path = "Target Support Files/Pods-SideDockComponent/Pods-SideDockComponent.debug.xcconfig"; sourceTree = "<group>"; };
/* End PBXFileReference section */

/* Begin PBXFrameworksBuildPhase section */
		ABFD9F99278F088100CFCAB1 /* Frameworks */ = {
			isa = PBXFrameworksBuildPhase;
			buildActionMask = 2147483647;
			files = (
				6F39363DC544A094AF536537 /* Pods_SideDockComponent.framework in Frameworks */,
			);
			runOnlyForDeploymentPostprocessing = 0;
		};
/* End PBXFrameworksBuildPhase section */

/* Begin PBXGroup section */
		81FF8012197E85D7E7FD6090 /* Pods */ = {
			isa = PBXGroup;
			children = (
				D6AA140201D11C599C0BDA22 /* Pods-SideDockComponent.debug.xcconfig */,
				854CC2C6CE4129B5128D1094 /* Pods-SideDockComponent.release.xcconfig */,
			);
			path = Pods;
			sourceTree = "<group>";
		};
		ABFD9F93278F088100CFCAB1 = {
			isa = PBXGroup;
			children = (
				ABFD9F9E278F088100CFCAB1 /* SideDockComponent */,
				ABFD9F9D278F088100CFCAB1 /* Products */,
				81FF8012197E85D7E7FD6090 /* Pods */,
				C17DB6D9D7BC9D067036658A /* Frameworks */,
			);
			sourceTree = "<group>";
		};
		ABFD9F9D278F088100CFCAB1 /* Products */ = {
			isa = PBXGroup;
			children = (
				ABFD9F9C278F088100CFCAB1 /* SideDockComponent.app */,
			);
			name = Products;
			sourceTree = "<group>";
		};
		ABFD9F9E278F088100CFCAB1 /* SideDockComponent */ = {
			isa = PBXGroup;
			children = (
				ABC12339278F4CD000BB4512 /* SideDockComponent.entitlements */,
				ABFD9F9F278F088100CFCAB1 /* AppDelegate.swift */,
				ABFD9FA1278F088100CFCAB1 /* SceneDelegate.swift */,
				ABFD9FA3278F088100CFCAB1 /* ViewController.swift */,
				ABFD9FA5278F088100CFCAB1 /* Main.storyboard */,
				ABFD9FA8278F088300CFCAB1 /* Assets.xcassets */,
				ABFD9FAA278F088300CFCAB1 /* LaunchScreen.storyboard */,
				ABFD9FAD278F088300CFCAB1 /* Info.plist */,
			);
			path = SideDockComponent;
			sourceTree = "<group>";
		};
		C17DB6D9D7BC9D067036658A /* Frameworks */ = {
			isa = PBXGroup;
			children = (
				69B53DF333015465690781F1 /* Pods_SideDockComponent.framework */,
			);
			name = Frameworks;
			sourceTree = "<group>";
		};
/* End PBXGroup section */

/* Begin PBXNativeTarget section */
		ABFD9F9B278F088100CFCAB1 /* SideDockComponent */ = {
			isa = PBXNativeTarget;
			buildConfigurationList = ABFD9FB0278F088300CFCAB1 /* Build configuration list for PBXNativeTarget "SideDockComponent" */;
			buildPhases = (
				2EFEDA8DF73A346293F53B02 /* [CP] Check Pods Manifest.lock */,
				ABFD9F98278F088100CFCAB1 /* Sources */,
				ABFD9F99278F088100CFCAB1 /* Frameworks */,
				ABFD9F9A278F088100CFCAB1 /* Resources */,
				309BE7AA149DCEFE2F8A4000 /* [CP] Embed Pods Frameworks */,
			);
			buildRules = (
			);
			dependencies = (
			);
			name = SideDockComponent;
			productName = SideDockComponent;
			productReference = ABFD9F9C278F088100CFCAB1 /* SideDockComponent.app */;
			productType = "com.apple.product-type.application";
		};
/* End PBXNativeTarget section */

/* Begin PBXProject section */
		ABFD9F94278F088100CFCAB1 /* Project object */ = {
			isa = PBXProject;
			attributes = {
				BuildIndependentTargetsInParallel = 1;
				LastSwiftUpdateCheck = 1320;
				LastUpgradeCheck = 1320;
				TargetAttributes = {
					ABFD9F9B278F088100CFCAB1 = {
						CreatedOnToolsVersion = 13.2.1;
					};
				};
			};
			buildConfigurationList = ABFD9F97278F088100CFCAB1 /* Build configuration list for PBXProject "SideDockComponent" */;
			compatibilityVersion = "Xcode 13.0";
			developmentRegion = en;
			hasScannedForEncodings = 0;
			knownRegions = (
				en,
				Base,
			);
			mainGroup = ABFD9F93278F088100CFCAB1;
			productRefGroup = ABFD9F9D278F088100CFCAB1 /* Products */;
			projectDirPath = "";
			projectRoot = "";
			targets = (
				ABFD9F9B278F088100CFCAB1 /* SideDockComponent */,
			);
		};
/* End PBXProject section */

/* Begin PBXResourcesBuildPhase section */
		ABFD9F9A278F088100CFCAB1 /* Resources */ = {
			isa = PBXResourcesBuildPhase;
			buildActionMask = 2147483647;
			files = (
				ABFD9FAC278F088300CFCAB1 /* LaunchScreen.storyboard in Resources */,
				ABFD9FA9278F088300CFCAB1 /* Assets.xcassets in Resources */,
				ABFD9FA7278F088100CFCAB1 /* Main.storyboard in Resources */,
			);
			runOnlyForDeploymentPostprocessing = 0;
		};
/* End PBXResourcesBuildPhase section */

/* Begin PBXShellScriptBuildPhase section */
		2EFEDA8DF73A346293F53B02 /* [CP] Check Pods Manifest.lock */ = {
			isa = PBXShellScriptBuildPhase;
			buildActionMask = 2147483647;
			files = (
			);
			inputFileListPaths = (
			);
			inputPaths = (
				"${PODS_PODFILE_DIR_PATH}/Podfile.lock",
				"${PODS_ROOT}/Manifest.lock",
			);
			name = "[CP] Check Pods Manifest.lock";
			outputFileListPaths = (
			);
			outputPaths = (
				"$(DERIVED_FILE_DIR)/Pods-SideDockComponent-checkManifestLockResult.txt",
			);
			runOnlyForDeploymentPostprocessing = 0;
			shellPath = /bin/sh;
			shellScript = "diff \"${PODS_PODFILE_DIR_PATH}/Podfile.lock\" \"${PODS_ROOT}/Manifest.lock\" > /dev/null\nif [ $? != 0 ] ; then\n    # print error to STDERR\n    echo \"error: The sandbox is not in sync with the Podfile.lock. Run 'pod install' or update your CocoaPods installation.\" >&2\n    exit 1\nfi\n# This output is used by Xcode 'outputs' to avoid re-running this script phase.\necho \"SUCCESS\" > \"${SCRIPT_OUTPUT_FILE_0}\"\n";
			showEnvVarsInLog = 0;
		};
		309BE7AA149DCEFE2F8A4000 /* [CP] Embed Pods Frameworks */ = {
			isa = PBXShellScriptBuildPhase;
			buildActionMask = 2147483647;
			files = (
			);
			inputFileListPaths = (
				"${PODS_ROOT}/Target Support Files/Pods-SideDockComponent/Pods-SideDockComponent-frameworks-${CONFIGURATION}-input-files.xcfilelist",
			);
			name = "[CP] Embed Pods Frameworks";
			outputFileListPaths = (
				"${PODS_ROOT}/Target Support Files/Pods-SideDockComponent/Pods-SideDockComponent-frameworks-${CONFIGURATION}-output-files.xcfilelist",
			);
			runOnlyForDeploymentPostprocessing = 0;
			shellPath = /bin/sh;
			shellScript = "\"${PODS_ROOT}/Target Support Files/Pods-SideDockComponent/Pods-SideDockComponent-frameworks.sh\"\n";
			showEnvVarsInLog = 0;
		};
/* End PBXShellScriptBuildPhase section */

/* Begin PBXSourcesBuildPhase section */
		ABFD9F98278F088100CFCAB1 /* Sources */ = {
			isa = PBXSourcesBuildPhase;
			buildActionMask = 2147483647;
			files = (
				ABFD9FA4278F088100CFCAB1 /* ViewController.swift in Sources */,
				ABFD9FA0278F088100CFCAB1 /* AppDelegate.swift in Sources */,
				ABFD9FA2278F088100CFCAB1 /* SceneDelegate.swift in Sources */,
			);
			runOnlyForDeploymentPostprocessing = 0;
		};
/* End PBXSourcesBuildPhase section */

/* Begin PBXVariantGroup section */
		ABFD9FA5278F088100CFCAB1 /* Main.storyboard */ = {
			isa = PBXVariantGroup;
			children = (
				ABFD9FA6278F088100CFCAB1 /* Base */,
			);
			name = Main.storyboard;
			sourceTree = "<group>";
		};
		ABFD9FAA278F088300CFCAB1 /* LaunchScreen.storyboard */ = {
			isa = PBXVariantGroup;
			children = (
				ABFD9FAB278F088300CFCAB1 /* Base */,
			);
			name = LaunchScreen.storyboard;
			sourceTree = "<group>";
		};
/* End PBXVariantGroup section */

/* Begin XCBuildConfiguration section */
		ABFD9FAE278F088300CFCAB1 /* Debug */ = {
			isa = XCBuildConfiguration;
			buildSettings = {
				ALWAYS_SEARCH_USER_PATHS = NO;
				CLANG_ANALYZER_NONNULL = YES;
				CLANG_ANALYZER_NUMBER_OBJECT_CONVERSION = YES_AGGRESSIVE;
				CLANG_CXX_LANGUAGE_STANDARD = "gnu++17";
				CLANG_CXX_LIBRARY = "libc++";
				CLANG_ENABLE_MODULES = YES;
				CLANG_ENABLE_OBJC_ARC = YES;
				CLANG_ENABLE_OBJC_WEAK = YES;
				CLANG_WARN_BLOCK_CAPTURE_AUTORELEASING = YES;
				CLANG_WARN_BOOL_CONVERSION = YES;
				CLANG_WARN_COMMA = YES;
				CLANG_WARN_CONSTANT_CONVERSION = YES;
				CLANG_WARN_DEPRECATED_OBJC_IMPLEMENTATIONS = YES;
				CLANG_WARN_DIRECT_OBJC_ISA_USAGE = YES_ERROR;
				CLANG_WARN_DOCUMENTATION_COMMENTS = YES;
				CLANG_WARN_EMPTY_BODY = YES;
				CLANG_WARN_ENUM_CONVERSION = YES;
				CLANG_WARN_INFINITE_RECURSION = YES;
				CLANG_WARN_INT_CONVERSION = YES;
				CLANG_WARN_NON_LITERAL_NULL_CONVERSION = YES;
				CLANG_WARN_OBJC_IMPLICIT_RETAIN_SELF = YES;
				CLANG_WARN_OBJC_LITERAL_CONVERSION = YES;
				CLANG_WARN_OBJC_ROOT_CLASS = YES_ERROR;
				CLANG_WARN_QUOTED_INCLUDE_IN_FRAMEWORK_HEADER = YES;
				CLANG_WARN_RANGE_LOOP_ANALYSIS = YES;
				CLANG_WARN_STRICT_PROTOTYPES = YES;
				CLANG_WARN_SUSPICIOUS_MOVE = YES;
				CLANG_WARN_UNGUARDED_AVAILABILITY = YES_AGGRESSIVE;
				CLANG_WARN_UNREACHABLE_CODE = YES;
				CLANG_WARN__DUPLICATE_METHOD_MATCH = YES;
				COPY_PHASE_STRIP = NO;
				DEBUG_INFORMATION_FORMAT = dwarf;
				ENABLE_STRICT_OBJC_MSGSEND = YES;
				ENABLE_TESTABILITY = YES;
				GCC_C_LANGUAGE_STANDARD = gnu11;
				GCC_DYNAMIC_NO_PIC = NO;
				GCC_NO_COMMON_BLOCKS = YES;
				GCC_OPTIMIZATION_LEVEL = 0;
				GCC_PREPROCESSOR_DEFINITIONS = (
					"DEBUG=1",
					"$(inherited)",
				);
				GCC_WARN_64_TO_32_BIT_CONVERSION = YES;
				GCC_WARN_ABOUT_RETURN_TYPE = YES_ERROR;
				GCC_WARN_UNDECLARED_SELECTOR = YES;
				GCC_WARN_UNINITIALIZED_AUTOS = YES_AGGRESSIVE;
				GCC_WARN_UNUSED_FUNCTION = YES;
				GCC_WARN_UNUSED_VARIABLE = YES;
				IPHONEOS_DEPLOYMENT_TARGET = 15.2;
				MTL_ENABLE_DEBUG_INFO = INCLUDE_SOURCE;
				MTL_FAST_MATH = YES;
				ONLY_ACTIVE_ARCH = YES;
				SDKROOT = iphoneos;
				SWIFT_ACTIVE_COMPILATION_CONDITIONS = DEBUG;
				SWIFT_OPTIMIZATION_LEVEL = "-Onone";
			};
			name = Debug;
		};
		ABFD9FAF278F088300CFCAB1 /* Release */ = {
			isa = XCBuildConfiguration;
			buildSettings = {
				ALWAYS_SEARCH_USER_PATHS = NO;
				CLANG_ANALYZER_NONNULL = YES;
				CLANG_ANALYZER_NUMBER_OBJECT_CONVERSION = YES_AGGRESSIVE;
				CLANG_CXX_LANGUAGE_STANDARD = "gnu++17";
				CLANG_CXX_LIBRARY = "libc++";
				CLANG_ENABLE_MODULES = YES;
				CLANG_ENABLE_OBJC_ARC = YES;
				CLANG_ENABLE_OBJC_WEAK = YES;
				CLANG_WARN_BLOCK_CAPTURE_AUTORELEASING = YES;
				CLANG_WARN_BOOL_CONVERSION = YES;
				CLANG_WARN_COMMA = YES;
				CLANG_WARN_CONSTANT_CONVERSION = YES;
				CLANG_WARN_DEPRECATED_OBJC_IMPLEMENTATIONS = YES;
				CLANG_WARN_DIRECT_OBJC_ISA_USAGE = YES_ERROR;
				CLANG_WARN_DOCUMENTATION_COMMENTS = YES;
				CLANG_WARN_EMPTY_BODY = YES;
				CLANG_WARN_ENUM_CONVERSION = YES;
				CLANG_WARN_INFINITE_RECURSION = YES;
				CLANG_WARN_INT_CONVERSION = YES;
				CLANG_WARN_NON_LITERAL_NULL_CONVERSION = YES;
				CLANG_WARN_OBJC_IMPLICIT_RETAIN_SELF = YES;
				CLANG_WARN_OBJC_LITERAL_CONVERSION = YES;
				CLANG_WARN_OBJC_ROOT_CLASS = YES_ERROR;
				CLANG_WARN_QUOTED_INCLUDE_IN_FRAMEWORK_HEADER = YES;
				CLANG_WARN_RANGE_LOOP_ANALYSIS = YES;
				CLANG_WARN_STRICT_PROTOTYPES = YES;
				CLANG_WARN_SUSPICIOUS_MOVE = YES;
				CLANG_WARN_UNGUARDED_AVAILABILITY = YES_AGGRESSIVE;
				CLANG_WARN_UNREACHABLE_CODE = YES;
				CLANG_WARN__DUPLICATE_METHOD_MATCH = YES;
				COPY_PHASE_STRIP = NO;
				DEBUG_INFORMATION_FORMAT = "dwarf-with-dsym";
				ENABLE_NS_ASSERTIONS = NO;
				ENABLE_STRICT_OBJC_MSGSEND = YES;
				GCC_C_LANGUAGE_STANDARD = gnu11;
				GCC_NO_COMMON_BLOCKS = YES;
				GCC_WARN_64_TO_32_BIT_CONVERSION = YES;
				GCC_WARN_ABOUT_RETURN_TYPE = YES_ERROR;
				GCC_WARN_UNDECLARED_SELECTOR = YES;
				GCC_WARN_UNINITIALIZED_AUTOS = YES_AGGRESSIVE;
				GCC_WARN_UNUSED_FUNCTION = YES;
				GCC_WARN_UNUSED_VARIABLE = YES;
				IPHONEOS_DEPLOYMENT_TARGET = 15.2;
				MTL_ENABLE_DEBUG_INFO = NO;
				MTL_FAST_MATH = YES;
				SDKROOT = iphoneos;
				SWIFT_COMPILATION_MODE = wholemodule;
				SWIFT_OPTIMIZATION_LEVEL = "-O";
				VALIDATE_PRODUCT = YES;
			};
			name = Release;
		};
		ABFD9FB1278F088300CFCAB1 /* Debug */ = {
			isa = XCBuildConfiguration;
			baseConfigurationReference = D6AA140201D11C599C0BDA22 /* Pods-SideDockComponent.debug.xcconfig */;
			buildSettings = {
				ASSETCATALOG_COMPILER_APPICON_NAME = AppIcon;
				ASSETCATALOG_COMPILER_GLOBAL_ACCENT_COLOR_NAME = AccentColor;
				CODE_SIGN_ENTITLEMENTS = SideDockComponent/SideDockComponent.entitlements;
				CODE_SIGN_STYLE = Automatic;
				CURRENT_PROJECT_VERSION = 1;
				DEVELOPMENT_TEAM = MTCCY7DH8U;
				GENERATE_INFOPLIST_FILE = YES;
				INFOPLIST_FILE = SideDockComponent/Info.plist;
				INFOPLIST_KEY_UIApplicationSupportsIndirectInputEvents = YES;
				INFOPLIST_KEY_UILaunchStoryboardName = LaunchScreen;
				INFOPLIST_KEY_UIMainStoryboardFile = Main;
				INFOPLIST_KEY_UISupportedInterfaceOrientations_iPad = "UIInterfaceOrientationPortrait UIInterfaceOrientationPortraitUpsideDown UIInterfaceOrientationLandscapeLeft UIInterfaceOrientationLandscapeRight";
				INFOPLIST_KEY_UISupportedInterfaceOrientations_iPhone = "UIInterfaceOrientationPortrait UIInterfaceOrientationLandscapeLeft UIInterfaceOrientationLandscapeRight";
				LD_RUNPATH_SEARCH_PATHS = (
					"$(inherited)",
					"@executable_path/Frameworks",
				);
				MARKETING_VERSION = 1.0;
				PRODUCT_BUNDLE_IDENTIFIER = com.bibz.SideDockComponent;
				PRODUCT_NAME = "$(TARGET_NAME)";
				SUPPORTS_MACCATALYST = YES;
				SWIFT_EMIT_LOC_STRINGS = YES;
				SWIFT_VERSION = 5.0;
				TARGETED_DEVICE_FAMILY = "1,2,6";
			};
			name = Debug;
		};
		ABFD9FB2278F088300CFCAB1 /* Release */ = {
			isa = XCBuildConfiguration;
			baseConfigurationReference = 854CC2C6CE4129B5128D1094 /* Pods-SideDockComponent.release.xcconfig */;
			buildSettings = {
				ASSETCATALOG_COMPILER_APPICON_NAME = AppIcon;
				ASSETCATALOG_COMPILER_GLOBAL_ACCENT_COLOR_NAME = AccentColor;
				CODE_SIGN_ENTITLEMENTS = SideDockComponent/SideDockComponent.entitlements;
				CODE_SIGN_STYLE = Automatic;
				CURRENT_PROJECT_VERSION = 1;
				DEVELOPMENT_TEAM = MTCCY7DH8U;
				GENERATE_INFOPLIST_FILE = YES;
				INFOPLIST_FILE = SideDockComponent/Info.plist;
				INFOPLIST_KEY_UIApplicationSupportsIndirectInputEvents = YES;
				INFOPLIST_KEY_UILaunchStoryboardName = LaunchScreen;
				INFOPLIST_KEY_UIMainStoryboardFile = Main;
				INFOPLIST_KEY_UISupportedInterfaceOrientations_iPad = "UIInterfaceOrientationPortrait UIInterfaceOrientationPortraitUpsideDown UIInterfaceOrientationLandscapeLeft UIInterfaceOrientationLandscapeRight";
				INFOPLIST_KEY_UISupportedInterfaceOrientations_iPhone = "UIInterfaceOrientationPortrait UIInterfaceOrientationLandscapeLeft UIInterfaceOrientationLandscapeRight";
				LD_RUNPATH_SEARCH_PATHS = (
					"$(inherited)",
					"@executable_path/Frameworks",
				);
				MARKETING_VERSION = 1.0;
				PRODUCT_BUNDLE_IDENTIFIER = com.bibz.SideDockComponent;
				PRODUCT_NAME = "$(TARGET_NAME)";
				SUPPORTS_MACCATALYST = YES;
				SWIFT_EMIT_LOC_STRINGS = YES;
				SWIFT_VERSION = 5.0;
				TARGETED_DEVICE_FAMILY = "1,2,6";
			};
			name = Release;
		};
/* End XCBuildConfiguration section */

/* Begin XCConfigurationList section */
		ABFD9F97278F088100CFCAB1 /* Build configuration list for PBXProject "SideDockComponent" */ = {
			isa = XCConfigurationList;
			buildConfigurations = (
				ABFD9FAE278F088300CFCAB1 /* Debug */,
				ABFD9FAF278F088300CFCAB1 /* Release */,
			);
			defaultConfigurationIsVisible = 0;
			defaultConfigurationName = Release;
		};
		ABFD9FB0278F088300CFCAB1 /* Build configuration list for PBXNativeTarget "SideDockComponent" */ = {
			isa = XCConfigurationList;
			buildConfigurations = (
				ABFD9FB1278F088300CFCAB1 /* Debug */,
				ABFD9FB2278F088300CFCAB1 /* Release */,
			);
			defaultConfigurationIsVisible = 0;
			defaultConfigurationName = Release;
		};
/* End XCConfigurationList section */
	};
	rootObject = ABFD9F94278F088100CFCAB1 /* Project object */;
}
